// !$*UTF8*$!
{
	archiveVersion = 1;
	classes = {
	};
	objectVersion = 46;
	objects = {

/* Begin PBXBuildFile section */
		701DB7941C4DD74500F22015 /* AppDelegate.swift in Sources */ = {isa = PBXBuildFile; fileRef = 701DB7931C4DD74500F22015 /* AppDelegate.swift */; };
		701DB7991C4DD74500F22015 /* Main.storyboard in Resources */ = {isa = PBXBuildFile; fileRef = 701DB7971C4DD74500F22015 /* Main.storyboard */; };
		701DB79B1C4DD74500F22015 /* Assets.xcassets in Resources */ = {isa = PBXBuildFile; fileRef = 701DB79A1C4DD74500F22015 /* Assets.xcassets */; };
		701DB79E1C4DD74500F22015 /* LaunchScreen.storyboard in Resources */ = {isa = PBXBuildFile; fileRef = 701DB79C1C4DD74500F22015 /* LaunchScreen.storyboard */; };
		701DB7A61C4DD81700F22015 /* MoviesViewController.swift in Sources */ = {isa = PBXBuildFile; fileRef = 701DB7A51C4DD81700F22015 /* MoviesViewController.swift */; };
		701DB7A91C4DEE3C00F22015 /* MovieCell.swift in Sources */ = {isa = PBXBuildFile; fileRef = 701DB7A81C4DEE3C00F22015 /* MovieCell.swift */; };
/* End PBXBuildFile section */

/* Begin PBXFileReference section */
		701DB7901C4DD74500F22015 /* MovieViewer.app */ = {isa = PBXFileReference; explicitFileType = wrapper.application; includeInIndex = 0; path = MovieViewer.app; sourceTree = BUILT_PRODUCTS_DIR; };
		701DB7931C4DD74500F22015 /* AppDelegate.swift */ = {isa = PBXFileReference; lastKnownFileType = sourcecode.swift; path = AppDelegate.swift; sourceTree = "<group>"; };
		701DB7981C4DD74500F22015 /* Base */ = {isa = PBXFileReference; lastKnownFileType = file.storyboard; name = Base; path = Base.lproj/Main.storyboard; sourceTree = "<group>"; };
		701DB79A1C4DD74500F22015 /* Assets.xcassets */ = {isa = PBXFileReference; lastKnownFileType = folder.assetcatalog; path = Assets.xcassets; sourceTree = "<group>"; };
		701DB79D1C4DD74500F22015 /* Base */ = {isa = PBXFileReference; lastKnownFileType = file.storyboard; name = Base; path = Base.lproj/LaunchScreen.storyboard; sourceTree = "<group>"; };
		701DB79F1C4DD74500F22015 /* Info.plist */ = {isa = PBXFileReference; lastKnownFileType = text.plist.xml; path = Info.plist; sourceTree = "<group>"; };
		701DB7A51C4DD81700F22015 /* MoviesViewController.swift */ = {isa = PBXFileReference; fileEncoding = 4; lastKnownFileType = sourcecode.swift; path = MoviesViewController.swift; sourceTree = "<group>"; };
		701DB7A81C4DEE3C00F22015 /* MovieCell.swift */ = {isa = PBXFileReference; fileEncoding = 4; lastKnownFileType = sourcecode.swift; path = MovieCell.swift; sourceTree = "<group>"; };
/* End PBXFileReference section */

/* Begin PBXFrameworksBuildPhase section */
		701DB78D1C4DD74500F22015 /* Frameworks */ = {
			isa = PBXFrameworksBuildPhase;
			buildActionMask = 2147483647;
			files = (
			);
			runOnlyForDeploymentPostprocessing = 0;
		};
/* End PBXFrameworksBuildPhase section */

/* Begin PBXGroup section */
		701DB7871C4DD74500F22015 = {
			isa = PBXGroup;
			children = (
				701DB7921C4DD74500F22015 /* MovieViewer */,
				701DB7911C4DD74500F22015 /* Products */,
			);
			sourceTree = "<group>";
		};
		701DB7911C4DD74500F22015 /* Products */ = {
			isa = PBXGroup;
			children = (
				701DB7901C4DD74500F22015 /* MovieViewer.app */,
			);
			name = Products;
			sourceTree = "<group>";
		};
		701DB7921C4DD74500F22015 /* MovieViewer */ = {
			isa = PBXGroup;
			children = (
				701DB7AA1C4DEE4D00F22015 /* View controllers */,
				701DB7A71C4DEDF100F22015 /* Views */,
				701DB7931C4DD74500F22015 /* AppDelegate.swift */,
				701DB7971C4DD74500F22015 /* Main.storyboard */,
				701DB79A1C4DD74500F22015 /* Assets.xcassets */,
				701DB79C1C4DD74500F22015 /* LaunchScreen.storyboard */,
				701DB79F1C4DD74500F22015 /* Info.plist */,
			);
			path = MovieViewer;
			sourceTree = "<group>";
		};
		701DB7A71C4DEDF100F22015 /* Views */ = {
			isa = PBXGroup;
			children = (
				701DB7A81C4DEE3C00F22015 /* MovieCell.swift */,
			);
			name = Views;
			sourceTree = "<group>";
		};
		701DB7AA1C4DEE4D00F22015 /* View controllers */ = {
			isa = PBXGroup;
			children = (
				701DB7A51C4DD81700F22015 /* MoviesViewController.swift */,
			);
			name = "View controllers";
			sourceTree = "<group>";
		};
/* End PBXGroup section */

/* Begin PBXNativeTarget section */
		701DB78F1C4DD74500F22015 /* MovieViewer */ = {
			isa = PBXNativeTarget;
			buildConfigurationList = 701DB7A21C4DD74500F22015 /* Build configuration list for PBXNativeTarget "MovieViewer" */;
			buildPhases = (
				701DB78C1C4DD74500F22015 /* Sources */,
				701DB78D1C4DD74500F22015 /* Frameworks */,
				701DB78E1C4DD74500F22015 /* Resources */,
			);
			buildRules = (
			);
			dependencies = (
			);
			name = MovieViewer;
			productName = MovieViewer;
			productReference = 701DB7901C4DD74500F22015 /* MovieViewer.app */;
			productType = "com.apple.product-type.application";
		};
/* End PBXNativeTarget section */

/* Begin PBXProject section */
		701DB7881C4DD74500F22015 /* Project object */ = {
			isa = PBXProject;
			attributes = {
				LastSwiftUpdateCheck = 0720;
				LastUpgradeCheck = 0720;
				ORGANIZATIONNAME = "Makhmud Islamov";
				TargetAttributes = {
					701DB78F1C4DD74500F22015 = {
						CreatedOnToolsVersion = 7.2;
					};
				};
			};
			buildConfigurationList = 701DB78B1C4DD74500F22015 /* Build configuration list for PBXProject "MovieViewer" */;
			compatibilityVersion = "Xcode 3.2";
			developmentRegion = English;
			hasScannedForEncodings = 0;
			knownRegions = (
				en,
				Base,
			);
			mainGroup = 701DB7871C4DD74500F22015;
			productRefGroup = 701DB7911C4DD74500F22015 /* Products */;
			projectDirPath = "";
			projectRoot = "";
			targets = (
				701DB78F1C4DD74500F22015 /* MovieViewer */,
			);
		};
/* End PBXProject section */

/* Begin PBXResourcesBuildPhase section */
		701DB78E1C4DD74500F22015 /* Resources */ = {
			isa = PBXResourcesBuildPhase;
			buildActionMask = 2147483647;
			files = (
				701DB79E1C4DD74500F22015 /* LaunchScreen.storyboard in Resources */,
				701DB79B1C4DD74500F22015 /* Assets.xcassets in Resources */,
				701DB7991C4DD74500F22015 /* Main.storyboard in Resources */,
			);
			runOnlyForDeploymentPostprocessing = 0;
		};
/* End PBXResourcesBuildPhase section */

/* Begin PBXSourcesBuildPhase section */
		701DB78C1C4DD74500F22015 /* Sources */ = {
			isa = PBXSourcesBuildPhase;
			buildActionMask = 2147483647;
			files = (
				701DB7941C4DD74500F22015 /* AppDelegate.swift in Sources */,
				701DB7A61C4DD81700F22015 /* MoviesViewController.swift in Sources */,
				701DB7A91C4DEE3C00F22015 /* MovieCell.swift in Sources */,
			);
			runOnlyForDeploymentPostprocessing = 0;
		};
/* End PBXSourcesBuildPhase section */

/* Begin PBXVariantGroup section */
		701DB7971C4DD74500F22015 /* Main.storyboard */ = {
			isa = PBXVariantGroup;
			children = (
				701DB7981C4DD74500F22015 /* Base */,
			);
			name = Main.storyboard;
			sourceTree = "<group>";
		};
		701DB79C1C4DD74500F22015 /* LaunchScreen.storyboard */ = {
			isa = PBXVariantGroup;
			children = (
				701DB79D1C4DD74500F22015 /* Base */,
			);
			name = LaunchScreen.storyboard;
			sourceTree = "<group>";
		};
/* End PBXVariantGroup section */

/* Begin XCBuildConfiguration section */
		701DB7A01C4DD74500F22015 /* Debug */ = {
			isa = XCBuildConfiguration;
			buildSettings = {
				ALWAYS_SEARCH_USER_PATHS = NO;
				CLANG_CXX_LANGUAGE_STANDARD = "gnu++0x";
				CLANG_CXX_LIBRARY = "libc++";
				CLANG_ENABLE_MODULES = YES;
				CLANG_ENABLE_OBJC_ARC = YES;
				CLANG_WARN_BOOL_CONVERSION = YES;
				CLANG_WARN_CONSTANT_CONVERSION = YES;
				CLANG_WARN_DIRECT_OBJC_ISA_USAGE = YES_ERROR;
				CLANG_WARN_EMPTY_BODY = YES;
				CLANG_WARN_ENUM_CONVERSION = YES;
				CLANG_WARN_INT_CONVERSION = YES;
				CLANG_WARN_OBJC_ROOT_CLASS = YES_ERROR;
				CLANG_WARN_UNREACHABLE_CODE = YES;
				CLANG_WARN__DUPLICATE_METHOD_MATCH = YES;
				"CODE_SIGN_IDENTITY[sdk=iphoneos*]" = "iPhone Developer";
				COPY_PHASE_STRIP = NO;
				DEBUG_INFORMATION_FORMAT = dwarf;
				ENABLE_STRICT_OBJC_MSGSEND = YES;
				ENABLE_TESTABILITY = YES;
				GCC_C_LANGUAGE_STANDARD = gnu99;
				GCC_DYNAMIC_NO_PIC = NO;
				GCC_NO_COMMON_BLOCKS = YES;
				GCC_OPTIMIZATION_LEVEL = 0;
				GCC_PREPROCESSOR_DEFINITIONS = (
					"DEBUG=1",
					"$(inherited)",
				);
				GCC_WARN_64_TO_32_BIT_CONVERSION = YES;
				GCC_WARN_ABOUT_RETURN_TYPE = YES_ERROR;
				GCC_WARN_UNDECLARED_SELECTOR = YES;
				GCC_WARN_UNINITIALIZED_AUTOS = YES_AGGRESSIVE;
				GCC_WARN_UNUSED_FUNCTION = YES;
				GCC_WARN_UNUSED_VARIABLE = YES;
				IPHONEOS_DEPLOYMENT_TARGET = 9.2;
				MTL_ENABLE_DEBUG_INFO = YES;
				ONLY_ACTIVE_ARCH = YES;
				SDKROOT = iphoneos;
				SWIFT_OPTIMIZATION_LEVEL = "-Onone";
			};
			name = Debug;
		};
		701DB7A11C4DD74500F22015 /* Release */ = {
			isa = XCBuildConfiguration;
			buildSettings = {
				ALWAYS_SEARCH_USER_PATHS = NO;
				CLANG_CXX_LANGUAGE_STANDARD = "gnu++0x";
				CLANG_CXX_LIBRARY = "libc++";
				CLANG_ENABLE_MODULES = YES;
				CLANG_ENABLE_OBJC_ARC = YES;
				CLANG_WARN_BOOL_CONVERSION = YES;
				CLANG_WARN_CONSTANT_CONVERSION = YES;
				CLANG_WARN_DIRECT_OBJC_ISA_USAGE = YES_ERROR;
				CLANG_WARN_EMPTY_BODY = YES;
				CLANG_WARN_ENUM_CONVERSION = YES;
				CLANG_WARN_INT_CONVERSION = YES;
				CLANG_WARN_OBJC_ROOT_CLASS = YES_ERROR;
				CLANG_WARN_UNREACHABLE_CODE = YES;
				CLANG_WARN__DUPLICATE_METHOD_MATCH = YES;
				"CODE_SIGN_IDENTITY[sdk=iphoneos*]" = "iPhone Developer";
				COPY_PHASE_STRIP = NO;
				DEBUG_INFORMATION_FORMAT = "dwarf-with-dsym";
				ENABLE_NS_ASSERTIONS = NO;
				ENABLE_STRICT_OBJC_MSGSEND = YES;
				GCC_C_LANGUAGE_STANDARD = gnu99;
				GCC_NO_COMMON_BLOCKS = YES;
				GCC_WARN_64_TO_32_BIT_CONVERSION = YES;
				GCC_WARN_ABOUT_RETURN_TYPE = YES_ERROR;
				GCC_WARN_UNDECLARED_SELECTOR = YES;
				GCC_WARN_UNINITIALIZED_AUTOS = YES_AGGRESSIVE;
				GCC_WARN_UNUSED_FUNCTION = YES;
				GCC_WARN_UNUSED_VARIABLE = YES;
				IPHONEOS_DEPLOYMENT_TARGET = 9.2;
				MTL_ENABLE_DEBUG_INFO = NO;
				SDKROOT = iphoneos;
				VALIDATE_PRODUCT = YES;
			};
			name = Release;
		};
		701DB7A31C4DD74500F22015 /* Debug */ = {
			isa = XCBuildConfiguration;
			buildSettings = {
				ASSETCATALOG_COMPILER_APPICON_NAME = AppIcon;
				INFOPLIST_FILE = MovieViewer/Info.plist;
				LD_RUNPATH_SEARCH_PATHS = "$(inherited) @executable_path/Frameworks";
				PRODUCT_BUNDLE_IDENTIFIER = Codepath.com.MovieViewer;
				PRODUCT_NAME = "$(TARGET_NAME)";
			};
			name = Debug;
		};
		701DB7A41C4DD74500F22015 /* Release */ = {
			isa = XCBuildConfiguration;
			buildSettings = {
				ASSETCATALOG_COMPILER_APPICON_NAME = AppIcon;
				INFOPLIST_FILE = MovieViewer/Info.plist;
				LD_RUNPATH_SEARCH_PATHS = "$(inherited) @executable_path/Frameworks";
				PRODUCT_BUNDLE_IDENTIFIER = Codepath.com.MovieViewer;
				PRODUCT_NAME = "$(TARGET_NAME)";
			};
			name = Release;
		};
/* End XCBuildConfiguration section */

/* Begin XCConfigurationList section */
		701DB78B1C4DD74500F22015 /* Build configuration list for PBXProject "MovieViewer" */ = {
			isa = XCConfigurationList;
			buildConfigurations = (
				701DB7A01C4DD74500F22015 /* Debug */,
				701DB7A11C4DD74500F22015 /* Release */,
			);
			defaultConfigurationIsVisible = 0;
			defaultConfigurationName = Release;
		};
		701DB7A21C4DD74500F22015 /* Build configuration list for PBXNativeTarget "MovieViewer" */ = {
			isa = XCConfigurationList;
			buildConfigurations = (
				701DB7A31C4DD74500F22015 /* Debug */,
				701DB7A41C4DD74500F22015 /* Release */,
			);
			defaultConfigurationIsVisible = 0;
		};
/* End XCConfigurationList section */
	};
	rootObject = 701DB7881C4DD74500F22015 /* Project object */;
}
